
Microsoft Visual Studio Solution File, Format Version 12.00
# Visual Studio Version 16
VisualStudioVersion = 16.0.31624.102
MinimumVisualStudioVersion = 10.0.40219.1
Project("{FAE04EC0-301F-11D3-BF4B-00C04F79EFBC}") = "Day4_Dadi", "Day4_Dadi\Day4_Dadi.csproj", "{D0334C95-1EC5-4F3E-9606-26D1714A2CF0}"
EndProject
Global
	GlobalSection(SolutionConfigurationPlatforms) = preSolution
		Debug|Any CPU = Debug|Any CPU
		Release|Any CPU = Release|Any CPU
	EndGlobalSection
	GlobalSection(ProjectConfigurationPlatforms) = postSolution
		{D0334C95-1EC5-4F3E-9606-26D1714A2CF0}.Debug|Any CPU.ActiveCfg = Debug|Any CPU
		{D0334C95-1EC5-4F3E-9606-26D1714A2CF0}.Debug|Any CPU.Build.0 = Debug|Any CPU
		{D0334C95-1EC5-4F3E-9606-26D1714A2CF0}.Release|Any CPU.ActiveCfg = Release|Any CPU
		{D0334C95-1EC5-4F3E-9606-26D1714A2CF0}.Release|Any CPU.Build.0 = Release|Any CPU
	EndGlobalSection
	GlobalSection(SolutionProperties) = preSolution
		HideSolutionNode = FALSE
	EndGlobalSection
	GlobalSection(ExtensibilityGlobals) = postSolution
		SolutionGuid = {898CFDB4-A961-445E-AE5B-8286F7354786}
	EndGlobalSection
EndGlobal
